
Microsoft Visual Studio Solution File, Format Version 12.00
# Visual Studio Version 16
VisualStudioVersion = 16.0.29424.173
MinimumVisualStudioVersion = 10.0.40219.1
Project("{9A19103F-16F7-4668-BE54-9A1E7A4F7556}") = "JOB_LISTENT_TELEGRAM", "JOB_LISTENT_TELEGRAM\JOB_LISTENT_TELEGRAM.csproj", "{56407A95-C969-4D61-8BB7-1DDBBFCC224D}"
EndProject
Project("{FAE04EC0-301F-11D3-BF4B-00C04F79EFBC}") = "JOB_CRAWL_MESSAGE_ZALO", "JOB_CRAWL_MESSAGE_ZALO\JOB_CRAWL_MESSAGE_ZALO.csproj", "{14C04F22-74ED-4E22-8261-FFA411522D83}"
EndProject
Project("{FAE04EC0-301F-11D3-BF4B-00C04F79EFBC}") = "JOB_CRAWL_ZALO_MESSAGE", "JOB_CRAWL_ZALO_MESSAGE\JOB_CRAWL_ZALO_MESSAGE.csproj", "{17669E4F-0D0D-4F6C-8767-FC6D609EF259}"
EndProject
Global
	GlobalSection(SolutionConfigurationPlatforms) = preSolution
		Debug|Any CPU = Debug|Any CPU
		Release|Any CPU = Release|Any CPU
	EndGlobalSection
	GlobalSection(ProjectConfigurationPlatforms) = postSolution
		{56407A95-C969-4D61-8BB7-1DDBBFCC224D}.Debug|Any CPU.ActiveCfg = Debug|Any CPU
		{56407A95-C969-4D61-8BB7-1DDBBFCC224D}.Debug|Any CPU.Build.0 = Debug|Any CPU
		{56407A95-C969-4D61-8BB7-1DDBBFCC224D}.Release|Any CPU.ActiveCfg = Release|Any CPU
		{56407A95-C969-4D61-8BB7-1DDBBFCC224D}.Release|Any CPU.Build.0 = Release|Any CPU
		{14C04F22-74ED-4E22-8261-FFA411522D83}.Debug|Any CPU.ActiveCfg = Debug|Any CPU
		{14C04F22-74ED-4E22-8261-FFA411522D83}.Debug|Any CPU.Build.0 = Debug|Any CPU
		{14C04F22-74ED-4E22-8261-FFA411522D83}.Release|Any CPU.ActiveCfg = Release|Any CPU
		{14C04F22-74ED-4E22-8261-FFA411522D83}.Release|Any CPU.Build.0 = Release|Any CPU
		{17669E4F-0D0D-4F6C-8767-FC6D609EF259}.Debug|Any CPU.ActiveCfg = Debug|Any CPU
		{17669E4F-0D0D-4F6C-8767-FC6D609EF259}.Debug|Any CPU.Build.0 = Debug|Any CPU
		{17669E4F-0D0D-4F6C-8767-FC6D609EF259}.Release|Any CPU.ActiveCfg = Release|Any CPU
		{17669E4F-0D0D-4F6C-8767-FC6D609EF259}.Release|Any CPU.Build.0 = Release|Any CPU
	EndGlobalSection
	GlobalSection(SolutionProperties) = preSolution
		HideSolutionNode = FALSE
	EndGlobalSection
	GlobalSection(ExtensibilityGlobals) = postSolution
		SolutionGuid = {7DCB3E39-E63D-4E64-894C-0C06E1B5462F}
	EndGlobalSection
EndGlobal
